
Microsoft Visual Studio Solution File, Format Version 11.00
# Visual Studio 2010
Project("{8BC9CEB8-8B4A-11D0-8D11-00A0C91BC942}") = "UAV_project", "UAV_project\UAV_project.vcxproj", "{5017CD5D-93CC-4BED-A420-F305FC416E77}"
EndProject
Global
	GlobalSection(SolutionConfigurationPlatforms) = preSolution
		Debug|Win32 = Debug|Win32
		Release|Win32 = Release|Win32
	EndGlobalSection
	GlobalSection(ProjectConfigurationPlatforms) = postSolution
		{5017CD5D-93CC-4BED-A420-F305FC416E77}.Debug|Win32.ActiveCfg = Debug|Win32
		{5017CD5D-93CC-4BED-A420-F305FC416E77}.Debug|Win32.Build.0 = Debug|Win32
		{5017CD5D-93CC-4BED-A420-F305FC416E77}.Release|Win32.ActiveCfg = Release|Win32
		{5017CD5D-93CC-4BED-A420-F305FC416E77}.Release|Win32.Build.0 = Release|Win32
	EndGlobalSection
	GlobalSection(SolutionProperties) = preSolution
		HideSolutionNode = FALSE
	EndGlobalSection
EndGlobal
